lockfileVersion: '9.0'

settings:
  autoInstallPeers: true
  excludeLinksFromLockfile: false

importers:

  .:
    dependencies:
      '@supabase/ssr':
        specifier: ^0.10.3
        version: 0.10.3(@supabase/supabase-js@2.106.2)
      '@supabase/supabase-js':
        specifier: ^2.106.2
        version: 2.106.2
      class-variance-authority:
        specifier: ^0.7.1
        version: 0.7.1
      clsx:
        specifier: ^2.1.1
        version: 2.1.1
      framer-motion:
        specifier: ^12.40.0
        version: 12.40.0(react@19.2.6)
      lucide-react:
        specifier: ^1.17.0
        version: 1.17.0(react@19.2.6)
      tailwind-merge:
        specifier: ^3.6.0
        version: 3.6.0

packages:

  '@supabase/auth-js@2.106.2':
    resolution: {integrity: sha512-VcAjUErkHkhC5Jaf+g/G1qbkQrFh8edaCdHa7pxJmHUjkWKjT7UnYCtPA89XV0N0GIYRkEqJZw5V62CtOxTmBQ==}
    engines: {node: '>=20.0.0'}

  '@supabase/functions-js@2.106.2':
    resolution: {integrity: sha512-oRnr0QrL8H+zTO1YyQ1QjiHZU/957jvubbxSJTUm2XLAgzoGGV9Tahfyd+uvLsBLRVmXLtpU3oyCjdQIvkGMOA==}
    engines: {node: '>=20.0.0'}

  '@supabase/phoenix@0.4.2':
    resolution: {integrity: sha512-YSAGnmDAfuleFCVt3CeurQZAhxRfXWeZIIkwp7NhYzQ1UwW6ePSnzsFAiUm/mbCkfoCf70QQHKW/K6RKh52a4A==}

  '@supabase/postgrest-js@2.106.2':
    resolution: {integrity: sha512-tDOzyPgp9pIRMR2x6C9+uDSJrnXSzxLtt3d7nC+Lrsy3jnJDHYfdQC/xcRyhJE/TOBJ0heSqRKR3UmejDjZxsw==}
    engines: {node: '>=20.0.0'}

  '@supabase/realtime-js@2.106.2':
    resolution: {integrity: sha512-LdRGT7DNhyZkPjubUv5bSdAZ0jSEX8wTHvx7htj7+K59TOZRvz4TuQK7tL2RWxyIZVeFMRluL04SzWS61rKnUA==}
    engines: {node: '>=20.0.0'}

  '@supabase/ssr@0.10.3':
    resolution: {integrity: sha512-ux2CJgX89h0Fz2lY7ZNafNG2SkXpyRc5dz77K9eKeBLPdtywQixKwIuetDeIViAJBp/buOUVmgj8PVesOklNpw==}
    peerDependencies:
      '@supabase/supabase-js': ^2.105.3

  '@supabase/storage-js@2.106.2':
    resolution: {integrity: sha512-xgKCSYuev1YarV+iVqr+zlfgSyremnJtn8T0NCT8L4XmMv1CLtESc0Q6kNp8+mKWdX/8ND0nzm7OMKx08kwNAw==}
    engines: {node: '>=20.0.0'}

  '@supabase/supabase-js@2.106.2':
    resolution: {integrity: sha512-2/RZ/1fmJx/MRSEDG2Xk8+J4JVk5clM9V0uSI6kUTrcS32KA89DtqI5RUOC9r6mzY3WBC9qexLjssIHjbLyVJA==}
    engines: {node: '>=20.0.0'}

  class-variance-authority@0.7.1:
    resolution: {integrity: sha512-Ka+9Trutv7G8M6WT6SeiRWz792K5qEqIGEGzXKhAE6xOWAY6pPH8U+9IY3oCMv6kqTmLsv7Xh/2w2RigkePMsg==}

  clsx@2.1.1:
    resolution: {integrity: sha512-eYm0QWBtUrBWZWG0d386OGAw16Z995PiOVo2B7bjWSbHedGl5e0ZWaq65kOGgUSNesEIDkB9ISbTg/JK9dhCZA==}
    engines: {node: '>=6'}

  cookie@1.1.1:
    resolution: {integrity: sha512-ei8Aos7ja0weRpFzJnEA9UHJ/7XQmqglbRwnf2ATjcB9Wq874VKH9kfjjirM6UhU2/E5fFYadylyhFldcqSidQ==}
    engines: {node: '>=18'}

  framer-motion@12.40.0:
    resolution: {integrity: sha512-uaBd3qC1v3KQqBEjwTUd183K6PbS+j0yR9w9VmEOLWA/tnUcSn8Xa3uck7t4dgpDoUss8xQTcj8W2L07lrnLFg==}
    peerDependencies:
      '@emotion/is-prop-valid': '*'
      react: ^18.0.0 || ^19.0.0
      react-dom: ^18.0.0 || ^19.0.0
    peerDependenciesMeta:
      '@emotion/is-prop-valid':
        optional: true
      react:
        optional: true
      react-dom:
        optional: true

  iceberg-js@0.8.1:
    resolution: {integrity: sha512-1dhVQZXhcHje7798IVM+xoo/1ZdVfzOMIc8/rgVSijRK38EDqOJoGula9N/8ZI5RD8QTxNQtK/Gozpr+qUqRRA==}
    engines: {node: '>=20.0.0'}

  lucide-react@1.17.0:
    resolution: {integrity: sha512-9FA9evdox/JQL5PT57fdA1x/yg8T7knJ98+zjTL3UfKza6pflQUUh3XtaQIHKvnsJw1lmsEyHVlt5jchYxOQ5w==}
    peerDependencies:
      react: ^16.5.1 || ^17.0.0 || ^18.0.0 || ^19.0.0

  motion-dom@12.40.0:
    resolution: {integrity: sha512-HxU3ZaBwNPVQUBQf1xxgq+7JrPNZvjLVxgbpEZL7RrWJnsxOf0/OM+yrHG9ogLQ31Do/r57Oz2gQWPK+6q62mg==}

  motion-utils@12.39.0:
    resolution: {integrity: sha512-8nadJAJjTtqRkmRF36FoJTrywK9nnFmnPwnSMyxaOCU7GDjN9RTMJIxx9De8ErM+vpPhMccr/6fo5WciyQLnMQ==}

  react@19.2.6:
    resolution: {integrity: sha512-sfWGGfavi0xr8Pg0sVsyHMAOziVYKgPLNrS7ig+ivMNb3wbCBw3KxtflsGBAwD3gYQlE/AEZsTLgToRrSCjb0Q==}
    engines: {node: '>=0.10.0'}

  tailwind-merge@3.6.0:
    resolution: {integrity: sha512-uxL7qAVQriqRQPAyK3pj66VqskWqoZ37PW94jwOTwNfq/z9oyu1V+eqrZqtR2+fCiXdYOZe/Modt8GtvqNzu+w==}

  tslib@2.8.1:
    resolution: {integrity: sha512-oJFu94HQb+KVduSUQL7wnpmqnfmLsOA/nAh6b6EH0wCEoK0/mPeXU6c3wKDV83MkOuHPRHtSXKKU99IBazS/2w==}

snapshots:

  '@supabase/auth-js@2.106.2':
    dependencies:
      tslib: 2.8.1

  '@supabase/functions-js@2.106.2':
    dependencies:
      tslib: 2.8.1

  '@supabase/phoenix@0.4.2': {}

  '@supabase/postgrest-js@2.106.2':
    dependencies:
      tslib: 2.8.1

  '@supabase/realtime-js@2.106.2':
    dependencies:
      '@supabase/phoenix': 0.4.2
      tslib: 2.8.1

  '@supabase/ssr@0.10.3(@supabase/supabase-js@2.106.2)':
    dependencies:
      '@supabase/supabase-js': 2.106.2
      cookie: 1.1.1

  '@supabase/storage-js@2.106.2':
    dependencies:
      iceberg-js: 0.8.1
      tslib: 2.8.1

  '@supabase/supabase-js@2.106.2':
    dependencies:
      '@supabase/auth-js': 2.106.2
      '@supabase/functions-js': 2.106.2
      '@supabase/postgrest-js': 2.106.2
      '@supabase/realtime-js': 2.106.2
      '@supabase/storage-js': 2.106.2

  class-variance-authority@0.7.1:
    dependencies:
      clsx: 2.1.1

  clsx@2.1.1: {}

  cookie@1.1.1: {}

  framer-motion@12.40.0(react@19.2.6):
    dependencies:
      motion-dom: 12.40.0
      motion-utils: 12.39.0
      tslib: 2.8.1
    optionalDependencies:
      react: 19.2.6

  iceberg-js@0.8.1: {}

  lucide-react@1.17.0(react@19.2.6):
    dependencies:
      react: 19.2.6

  motion-dom@12.40.0:
    dependencies:
      motion-utils: 12.39.0

  motion-utils@12.39.0: {}

  react@19.2.6: {}

  tailwind-merge@3.6.0: {}

  tslib@2.8.1: {}
